// !$*UTF8*$!
{
	archiveVersion = 1;
	classes = {
	};
	objectVersion = 50;
	objects = {

/* Begin PBXBuildFile section */
		D470DF0D258D2C090018FB5E /* RatingControl.swift in Sources */ = {isa = PBXBuildFile; fileRef = D470DF0C258D2C090018FB5E /* RatingControl.swift */; };
		D470DF35258D84760018FB5E /* PieChartView.swift in Sources */ = {isa = PBXBuildFile; fileRef = D470DF34258D84760018FB5E /* PieChartView.swift */; };
		D470DF3D258D8C160018FB5E /* LoginViewController.swift in Sources */ = {isa = PBXBuildFile; fileRef = D470DF3C258D8C160018FB5E /* LoginViewController.swift */; };
		D470DF4A258D9C350018FB5E /* LoginScreen.storyboard in Resources */ = {isa = PBXBuildFile; fileRef = D470DF49258D9C350018FB5E /* LoginScreen.storyboard */; };
		D470DF63258DA42C0018FB5E /* logoPhoto.jpeg in Resources */ = {isa = PBXBuildFile; fileRef = D470DF62258DA42C0018FB5E /* logoPhoto.jpeg */; };
		D49043C9258C598C0077F596 /* AppDelegate.swift in Sources */ = {isa = PBXBuildFile; fileRef = D49043C8258C598C0077F596 /* AppDelegate.swift */; };
		D49043CB258C598C0077F596 /* SceneDelegate.swift in Sources */ = {isa = PBXBuildFile; fileRef = D49043CA258C598C0077F596 /* SceneDelegate.swift */; };
		D49043CD258C598C0077F596 /* ViewController.swift in Sources */ = {isa = PBXBuildFile; fileRef = D49043CC258C598C0077F596 /* ViewController.swift */; };
		D49043D0258C598C0077F596 /* Main.storyboard in Resources */ = {isa = PBXBuildFile; fileRef = D49043CE258C598C0077F596 /* Main.storyboard */; };
		D49043D2258C59930077F596 /* Assets.xcassets in Resources */ = {isa = PBXBuildFile; fileRef = D49043D1258C59930077F596 /* Assets.xcassets */; };
		D49043D5258C59930077F596 /* LaunchScreen.storyboard in Resources */ = {isa = PBXBuildFile; fileRef = D49043D3258C59930077F596 /* LaunchScreen.storyboard */; };
		D49043E0258C59940077F596 /* testTests.swift in Sources */ = {isa = PBXBuildFile; fileRef = D49043DF258C59940077F596 /* testTests.swift */; };
		D49043EB258C59940077F596 /* testUITests.swift in Sources */ = {isa = PBXBuildFile; fileRef = D49043EA258C59940077F596 /* testUITests.swift */; };
/* End PBXBuildFile section */

/* Begin PBXContainerItemProxy section */
		D49043DC258C59940077F596 /* PBXContainerItemProxy */ = {
			isa = PBXContainerItemProxy;
			containerPortal = D49043BD258C598C0077F596 /* Project object */;
			proxyType = 1;
			remoteGlobalIDString = D49043C4258C598C0077F596;
			remoteInfo = test;
		};
		D49043E7258C59940077F596 /* PBXContainerItemProxy */ = {
			isa = PBXContainerItemProxy;
			containerPortal = D49043BD258C598C0077F596 /* Project object */;
			proxyType = 1;
			remoteGlobalIDString = D49043C4258C598C0077F596;
			remoteInfo = test;
		};
/* End PBXContainerItemProxy section */

/* Begin PBXFileReference section */
		D470DF0C258D2C090018FB5E /* RatingControl.swift */ = {isa = PBXFileReference; lastKnownFileType = sourcecode.swift; path = RatingControl.swift; sourceTree = "<group>"; };
		D470DF34258D84760018FB5E /* PieChartView.swift */ = {isa = PBXFileReference; lastKnownFileType = sourcecode.swift; path = PieChartView.swift; sourceTree = "<group>"; };
		D470DF3C258D8C160018FB5E /* LoginViewController.swift */ = {isa = PBXFileReference; lastKnownFileType = sourcecode.swift; path = LoginViewController.swift; sourceTree = "<group>"; };
		D470DF49258D9C350018FB5E /* LoginScreen.storyboard */ = {isa = PBXFileReference; lastKnownFileType = file.storyboard; path = LoginScreen.storyboard; sourceTree = "<group>"; };
		D470DF62258DA42C0018FB5E /* logoPhoto.jpeg */ = {isa = PBXFileReference; lastKnownFileType = image.jpeg; name = logoPhoto.jpeg; path = ../../logoPhoto.jpeg; sourceTree = "<group>"; };
		D49043C5258C598C0077F596 /* test.app */ = {isa = PBXFileReference; explicitFileType = wrapper.application; includeInIndex = 0; path = test.app; sourceTree = BUILT_PRODUCTS_DIR; };
		D49043C8258C598C0077F596 /* AppDelegate.swift */ = {isa = PBXFileReference; lastKnownFileType = sourcecode.swift; path = AppDelegate.swift; sourceTree = "<group>"; };
		D49043CA258C598C0077F596 /* SceneDelegate.swift */ = {isa = PBXFileReference; lastKnownFileType = sourcecode.swift; path = SceneDelegate.swift; sourceTree = "<group>"; };
		D49043CC258C598C0077F596 /* ViewController.swift */ = {isa = PBXFileReference; lastKnownFileType = sourcecode.swift; path = ViewController.swift; sourceTree = "<group>"; };
		D49043CF258C598C0077F596 /* Base */ = {isa = PBXFileReference; lastKnownFileType = file.storyboard; name = Base; path = Base.lproj/Main.storyboard; sourceTree = "<group>"; };
		D49043D1258C59930077F596 /* Assets.xcassets */ = {isa = PBXFileReference; lastKnownFileType = folder.assetcatalog; path = Assets.xcassets; sourceTree = "<group>"; };
		D49043D4258C59930077F596 /* Base */ = {isa = PBXFileReference; lastKnownFileType = file.storyboard; name = Base; path = Base.lproj/LaunchScreen.storyboard; sourceTree = "<group>"; };
		D49043D6258C59930077F596 /* Info.plist */ = {isa = PBXFileReference; lastKnownFileType = text.plist.xml; path = Info.plist; sourceTree = "<group>"; };
		D49043DB258C59940077F596 /* testTests.xctest */ = {isa = PBXFileReference; explicitFileType = wrapper.cfbundle; includeInIndex = 0; path = testTests.xctest; sourceTree = BUILT_PRODUCTS_DIR; };
		D49043DF258C59940077F596 /* testTests.swift */ = {isa = PBXFileReference; lastKnownFileType = sourcecode.swift; path = testTests.swift; sourceTree = "<group>"; };
		D49043E1258C59940077F596 /* Info.plist */ = {isa = PBXFileReference; lastKnownFileType = text.plist.xml; path = Info.plist; sourceTree = "<group>"; };
		D49043E6258C59940077F596 /* testUITests.xctest */ = {isa = PBXFileReference; explicitFileType = wrapper.cfbundle; includeInIndex = 0; path = testUITests.xctest; sourceTree = BUILT_PRODUCTS_DIR; };
		D49043EA258C59940077F596 /* testUITests.swift */ = {isa = PBXFileReference; lastKnownFileType = sourcecode.swift; path = testUITests.swift; sourceTree = "<group>"; };
		D49043EC258C59940077F596 /* Info.plist */ = {isa = PBXFileReference; lastKnownFileType = text.plist.xml; path = Info.plist; sourceTree = "<group>"; };
/* End PBXFileReference section */

/* Begin PBXFrameworksBuildPhase section */
		D49043C2258C598C0077F596 /* Frameworks */ = {
			isa = PBXFrameworksBuildPhase;
			buildActionMask = 2147483647;
			files = (
			);
			runOnlyForDeploymentPostprocessing = 0;
		};
		D49043D8258C59940077F596 /* Frameworks */ = {
			isa = PBXFrameworksBuildPhase;
			buildActionMask = 2147483647;
			files = (
			);
			runOnlyForDeploymentPostprocessing = 0;
		};
		D49043E3258C59940077F596 /* Frameworks */ = {
			isa = PBXFrameworksBuildPhase;
			buildActionMask = 2147483647;
			files = (
			);
			runOnlyForDeploymentPostprocessing = 0;
		};
/* End PBXFrameworksBuildPhase section */

/* Begin PBXGroup section */
		D49043BC258C598C0077F596 = {
			isa = PBXGroup;
			children = (
				D49043C7258C598C0077F596 /* test */,
				D49043DE258C59940077F596 /* testTests */,
				D49043E9258C59940077F596 /* testUITests */,
				D49043C6258C598C0077F596 /* Products */,
			);
			sourceTree = "<group>";
		};
		D49043C6258C598C0077F596 /* Products */ = {
			isa = PBXGroup;
			children = (
				D49043C5258C598C0077F596 /* test.app */,
				D49043DB258C59940077F596 /* testTests.xctest */,
				D49043E6258C59940077F596 /* testUITests.xctest */,
			);
			name = Products;
			sourceTree = "<group>";
		};
		D49043C7258C598C0077F596 /* test */ = {
			isa = PBXGroup;
			children = (
				D49043C8258C598C0077F596 /* AppDelegate.swift */,
				D49043CA258C598C0077F596 /* SceneDelegate.swift */,
				D470DF3C258D8C160018FB5E /* LoginViewController.swift */,
				D49043CC258C598C0077F596 /* ViewController.swift */,
				D470DF0C258D2C090018FB5E /* RatingControl.swift */,
				D470DF34258D84760018FB5E /* PieChartView.swift */,
				D49043D3258C59930077F596 /* LaunchScreen.storyboard */,
				D470DF49258D9C350018FB5E /* LoginScreen.storyboard */,
				D49043CE258C598C0077F596 /* Main.storyboard */,
				D49043D1258C59930077F596 /* Assets.xcassets */,
				D49043D6258C59930077F596 /* Info.plist */,
				D470DF62258DA42C0018FB5E /* logoPhoto.jpeg */,
			);
			path = test;
			sourceTree = "<group>";
		};
		D49043DE258C59940077F596 /* testTests */ = {
			isa = PBXGroup;
			children = (
				D49043DF258C59940077F596 /* testTests.swift */,
				D49043E1258C59940077F596 /* Info.plist */,
			);
			path = testTests;
			sourceTree = "<group>";
		};
		D49043E9258C59940077F596 /* testUITests */ = {
			isa = PBXGroup;
			children = (
				D49043EA258C59940077F596 /* testUITests.swift */,
				D49043EC258C59940077F596 /* Info.plist */,
			);
			path = testUITests;
			sourceTree = "<group>";
		};
/* End PBXGroup section */

/* Begin PBXNativeTarget section */
		D49043C4258C598C0077F596 /* test */ = {
			isa = PBXNativeTarget;
			buildConfigurationList = D49043EF258C59940077F596 /* Build configuration list for PBXNativeTarget "test" */;
			buildPhases = (
				D49043C1258C598C0077F596 /* Sources */,
				D49043C2258C598C0077F596 /* Frameworks */,
				D49043C3258C598C0077F596 /* Resources */,
			);
			buildRules = (
			);
			dependencies = (
			);
			name = test;
			productName = test;
			productReference = D49043C5258C598C0077F596 /* test.app */;
			productType = "com.apple.product-type.application";
		};
		D49043DA258C59940077F596 /* testTests */ = {
			isa = PBXNativeTarget;
			buildConfigurationList = D49043F2258C59940077F596 /* Build configuration list for PBXNativeTarget "testTests" */;
			buildPhases = (
				D49043D7258C59940077F596 /* Sources */,
				D49043D8258C59940077F596 /* Frameworks */,
				D49043D9258C59940077F596 /* Resources */,
			);
			buildRules = (
			);
			dependencies = (
				D49043DD258C59940077F596 /* PBXTargetDependency */,
			);
			name = testTests;
			productName = testTests;
			productReference = D49043DB258C59940077F596 /* testTests.xctest */;
			productType = "com.apple.product-type.bundle.unit-test";
		};
		D49043E5258C59940077F596 /* testUITests */ = {
			isa = PBXNativeTarget;
			buildConfigurationList = D49043F5258C59940077F596 /* Build configuration list for PBXNativeTarget "testUITests" */;
			buildPhases = (
				D49043E2258C59940077F596 /* Sources */,
				D49043E3258C59940077F596 /* Frameworks */,
				D49043E4258C59940077F596 /* Resources */,
			);
			buildRules = (
			);
			dependencies = (
				D49043E8258C59940077F596 /* PBXTargetDependency */,
			);
			name = testUITests;
			productName = testUITests;
			productReference = D49043E6258C59940077F596 /* testUITests.xctest */;
			productType = "com.apple.product-type.bundle.ui-testing";
		};
/* End PBXNativeTarget section */

/* Begin PBXProject section */
		D49043BD258C598C0077F596 /* Project object */ = {
			isa = PBXProject;
			attributes = {
				LastSwiftUpdateCheck = 1230;
				LastUpgradeCheck = 1230;
				TargetAttributes = {
					D49043C4258C598C0077F596 = {
						CreatedOnToolsVersion = 12.3;
					};
					D49043DA258C59940077F596 = {
						CreatedOnToolsVersion = 12.3;
						TestTargetID = D49043C4258C598C0077F596;
					};
					D49043E5258C59940077F596 = {
						CreatedOnToolsVersion = 12.3;
						TestTargetID = D49043C4258C598C0077F596;
					};
				};
			};
			buildConfigurationList = D49043C0258C598C0077F596 /* Build configuration list for PBXProject "test" */;
			compatibilityVersion = "Xcode 9.3";
			developmentRegion = en;
			hasScannedForEncodings = 0;
			knownRegions = (
				en,
				Base,
			);
			mainGroup = D49043BC258C598C0077F596;
			productRefGroup = D49043C6258C598C0077F596 /* Products */;
			projectDirPath = "";
			projectRoot = "";
			targets = (
				D49043C4258C598C0077F596 /* test */,
				D49043DA258C59940077F596 /* testTests */,
				D49043E5258C59940077F596 /* testUITests */,
			);
		};
/* End PBXProject section */

/* Begin PBXResourcesBuildPhase section */
		D49043C3258C598C0077F596 /* Resources */ = {
			isa = PBXResourcesBuildPhase;
			buildActionMask = 2147483647;
			files = (
				D49043D5258C59930077F596 /* LaunchScreen.storyboard in Resources */,
				D49043D2258C59930077F596 /* Assets.xcassets in Resources */,
				D470DF4A258D9C350018FB5E /* LoginScreen.storyboard in Resources */,
				D470DF63258DA42C0018FB5E /* logoPhoto.jpeg in Resources */,
				D49043D0258C598C0077F596 /* Main.storyboard in Resources */,
			);
			runOnlyForDeploymentPostprocessing = 0;
		};
		D49043D9258C59940077F596 /* Resources */ = {
			isa = PBXResourcesBuildPhase;
			buildActionMask = 2147483647;
			files = (
			);
			runOnlyForDeploymentPostprocessing = 0;
		};
		D49043E4258C59940077F596 /* Resources */ = {
			isa = PBXResourcesBuildPhase;
			buildActionMask = 2147483647;
			files = (
			);
			runOnlyForDeploymentPostprocessing = 0;
		};
/* End PBXResourcesBuildPhase section */

/* Begin PBXSourcesBuildPhase section */
		D49043C1258C598C0077F596 /* Sources */ = {
			isa = PBXSourcesBuildPhase;
			buildActionMask = 2147483647;
			files = (
				D470DF3D258D8C160018FB5E /* LoginViewController.swift in Sources */,
				D470DF0D258D2C090018FB5E /* RatingControl.swift in Sources */,
				D470DF35258D84760018FB5E /* PieChartView.swift in Sources */,
				D49043CD258C598C0077F596 /* ViewController.swift in Sources */,
				D49043C9258C598C0077F596 /* AppDelegate.swift in Sources */,
				D49043CB258C598C0077F596 /* SceneDelegate.swift in Sources */,
			);
			runOnlyForDeploymentPostprocessing = 0;
		};
		D49043D7258C59940077F596 /* Sources */ = {
			isa = PBXSourcesBuildPhase;
			buildActionMask = 2147483647;
			files = (
				D49043E0258C59940077F596 /* testTests.swift in Sources */,
			);
			runOnlyForDeploymentPostprocessing = 0;
		};
		D49043E2258C59940077F596 /* Sources */ = {
			isa = PBXSourcesBuildPhase;
			buildActionMask = 2147483647;
			files = (
				D49043EB258C59940077F596 /* testUITests.swift in Sources */,
			);
			runOnlyForDeploymentPostprocessing = 0;
		};
/* End PBXSourcesBuildPhase section */

/* Begin PBXTargetDependency section */
		D49043DD258C59940077F596 /* PBXTargetDependency */ = {
			isa = PBXTargetDependency;
			target = D49043C4258C598C0077F596 /* test */;
			targetProxy = D49043DC258C59940077F596 /* PBXContainerItemProxy */;
		};
		D49043E8258C59940077F596 /* PBXTargetDependency */ = {
			isa = PBXTargetDependency;
			target = D49043C4258C598C0077F596 /* test */;
			targetProxy = D49043E7258C59940077F596 /* PBXContainerItemProxy */;
		};
/* End PBXTargetDependency section */

/* Begin PBXVariantGroup section */
		D49043CE258C598C0077F596 /* Main.storyboard */ = {
			isa = PBXVariantGroup;
			children = (
				D49043CF258C598C0077F596 /* Base */,
			);
			name = Main.storyboard;
			sourceTree = "<group>";
		};
		D49043D3258C59930077F596 /* LaunchScreen.storyboard */ = {
			isa = PBXVariantGroup;
			children = (
				D49043D4258C59930077F596 /* Base */,
			);
			name = LaunchScreen.storyboard;
			sourceTree = "<group>";
		};
/* End PBXVariantGroup section */

/* Begin XCBuildConfiguration section */
		D49043ED258C59940077F596 /* Debug */ = {
			isa = XCBuildConfiguration;
			buildSettings = {
				ALWAYS_SEARCH_USER_PATHS = NO;
				CLANG_ANALYZER_NONNULL = YES;
				CLANG_ANALYZER_NUMBER_OBJECT_CONVERSION = YES_AGGRESSIVE;
				CLANG_CXX_LANGUAGE_STANDARD = "gnu++14";
				CLANG_CXX_LIBRARY = "libc++";
				CLANG_ENABLE_MODULES = YES;
				CLANG_ENABLE_OBJC_ARC = YES;
				CLANG_ENABLE_OBJC_WEAK = YES;
				CLANG_WARN_BLOCK_CAPTURE_AUTORELEASING = YES;
				CLANG_WARN_BOOL_CONVERSION = YES;
				CLANG_WARN_COMMA = YES;
				CLANG_WARN_CONSTANT_CONVERSION = YES;
				CLANG_WARN_DEPRECATED_OBJC_IMPLEMENTATIONS = YES;
				CLANG_WARN_DIRECT_OBJC_ISA_USAGE = YES_ERROR;
				CLANG_WARN_DOCUMENTATION_COMMENTS = YES;
				CLANG_WARN_EMPTY_BODY = YES;
				CLANG_WARN_ENUM_CONVERSION = YES;
				CLANG_WARN_INFINITE_RECURSION = YES;
				CLANG_WARN_INT_CONVERSION = YES;
				CLANG_WARN_NON_LITERAL_NULL_CONVERSION = YES;
				CLANG_WARN_OBJC_IMPLICIT_RETAIN_SELF = YES;
				CLANG_WARN_OBJC_LITERAL_CONVERSION = YES;
				CLANG_WARN_OBJC_ROOT_CLASS = YES_ERROR;
				CLANG_WARN_QUOTED_INCLUDE_IN_FRAMEWORK_HEADER = YES;
				CLANG_WARN_RANGE_LOOP_ANALYSIS = YES;
				CLANG_WARN_STRICT_PROTOTYPES = YES;
				CLANG_WARN_SUSPICIOUS_MOVE = YES;
				CLANG_WARN_UNGUARDED_AVAILABILITY = YES_AGGRESSIVE;
				CLANG_WARN_UNREACHABLE_CODE = YES;
				CLANG_WARN__DUPLICATE_METHOD_MATCH = YES;
				COPY_PHASE_STRIP = NO;
				DEBUG_INFORMATION_FORMAT = dwarf;
				ENABLE_STRICT_OBJC_MSGSEND = YES;
				ENABLE_TESTABILITY = YES;
				GCC_C_LANGUAGE_STANDARD = gnu11;
				GCC_DYNAMIC_NO_PIC = NO;
				GCC_NO_COMMON_BLOCKS = YES;
				GCC_OPTIMIZATION_LEVEL = 0;
				GCC_PREPROCESSOR_DEFINITIONS = (
					"DEBUG=1",
					"$(inherited)",
				);
				GCC_WARN_64_TO_32_BIT_CONVERSION = YES;
				GCC_WARN_ABOUT_RETURN_TYPE = YES_ERROR;
				GCC_WARN_UNDECLARED_SELECTOR = YES;
				GCC_WARN_UNINITIALIZED_AUTOS = YES_AGGRESSIVE;
				GCC_WARN_UNUSED_FUNCTION = YES;
				GCC_WARN_UNUSED_VARIABLE = YES;
				IPHONEOS_DEPLOYMENT_TARGET = 14.3;
				MTL_ENABLE_DEBUG_INFO = INCLUDE_SOURCE;
				MTL_FAST_MATH = YES;
				ONLY_ACTIVE_ARCH = YES;
				SDKROOT = iphoneos;
				SWIFT_ACTIVE_COMPILATION_CONDITIONS = DEBUG;
				SWIFT_OPTIMIZATION_LEVEL = "-Onone";
			};
			name = Debug;
		};
		D49043EE258C59940077F596 /* Release */ = {
			isa = XCBuildConfiguration;
			buildSettings = {
				ALWAYS_SEARCH_USER_PATHS = NO;
				CLANG_ANALYZER_NONNULL = YES;
				CLANG_ANALYZER_NUMBER_OBJECT_CONVERSION = YES_AGGRESSIVE;
				CLANG_CXX_LANGUAGE_STANDARD = "gnu++14";
				CLANG_CXX_LIBRARY = "libc++";
				CLANG_ENABLE_MODULES = YES;
				CLANG_ENABLE_OBJC_ARC = YES;
				CLANG_ENABLE_OBJC_WEAK = YES;
				CLANG_WARN_BLOCK_CAPTURE_AUTORELEASING = YES;
				CLANG_WARN_BOOL_CONVERSION = YES;
				CLANG_WARN_COMMA = YES;
				CLANG_WARN_CONSTANT_CONVERSION = YES;
				CLANG_WARN_DEPRECATED_OBJC_IMPLEMENTATIONS = YES;
				CLANG_WARN_DIRECT_OBJC_ISA_USAGE = YES_ERROR;
				CLANG_WARN_DOCUMENTATION_COMMENTS = YES;
				CLANG_WARN_EMPTY_BODY = YES;
				CLANG_WARN_ENUM_CONVERSION = YES;
				CLANG_WARN_INFINITE_RECURSION = YES;
				CLANG_WARN_INT_CONVERSION = YES;
				CLANG_WARN_NON_LITERAL_NULL_CONVERSION = YES;
				CLANG_WARN_OBJC_IMPLICIT_RETAIN_SELF = YES;
				CLANG_WARN_OBJC_LITERAL_CONVERSION = YES;
				CLANG_WARN_OBJC_ROOT_CLASS = YES_ERROR;
				CLANG_WARN_QUOTED_INCLUDE_IN_FRAMEWORK_HEADER = YES;
				CLANG_WARN_RANGE_LOOP_ANALYSIS = YES;
				CLANG_WARN_STRICT_PROTOTYPES = YES;
				CLANG_WARN_SUSPICIOUS_MOVE = YES;
				CLANG_WARN_UNGUARDED_AVAILABILITY = YES_AGGRESSIVE;
				CLANG_WARN_UNREACHABLE_CODE = YES;
				CLANG_WARN__DUPLICATE_METHOD_MATCH = YES;
				COPY_PHASE_STRIP = NO;
				DEBUG_INFORMATION_FORMAT = "dwarf-with-dsym";
				ENABLE_NS_ASSERTIONS = NO;
				ENABLE_STRICT_OBJC_MSGSEND = YES;
				GCC_C_LANGUAGE_STANDARD = gnu11;
				GCC_NO_COMMON_BLOCKS = YES;
				GCC_WARN_64_TO_32_BIT_CONVERSION = YES;
				GCC_WARN_ABOUT_RETURN_TYPE = YES_ERROR;
				GCC_WARN_UNDECLARED_SELECTOR = YES;
				GCC_WARN_UNINITIALIZED_AUTOS = YES_AGGRESSIVE;
				GCC_WARN_UNUSED_FUNCTION = YES;
				GCC_WARN_UNUSED_VARIABLE = YES;
				IPHONEOS_DEPLOYMENT_TARGET = 14.3;
				MTL_ENABLE_DEBUG_INFO = NO;
				MTL_FAST_MATH = YES;
				SDKROOT = iphoneos;
				SWIFT_COMPILATION_MODE = wholemodule;
				SWIFT_OPTIMIZATION_LEVEL = "-O";
				VALIDATE_PRODUCT = YES;
			};
			name = Release;
		};
		D49043F0258C59940077F596 /* Debug */ = {
			isa = XCBuildConfiguration;
			buildSettings = {
				ASSETCATALOG_COMPILER_APPICON_NAME = AppIcon;
				ASSETCATALOG_COMPILER_GLOBAL_ACCENT_COLOR_NAME = AccentColor;
				CODE_SIGN_STYLE = Automatic;
				DEVELOPMENT_TEAM = 76VCBNQAZS;
				INFOPLIST_FILE = test/Info.plist;
				LD_RUNPATH_SEARCH_PATHS = (
					"$(inherited)",
					"@executable_path/Frameworks",
				);
				PRODUCT_BUNDLE_IDENTIFIER = com.kerrylu.test;
				PRODUCT_NAME = "$(TARGET_NAME)";
				SWIFT_VERSION = 5.0;
				TARGETED_DEVICE_FAMILY = "1,2";
			};
			name = Debug;
		};
		D49043F1258C59940077F596 /* Release */ = {
			isa = XCBuildConfiguration;
			buildSettings = {
				ASSETCATALOG_COMPILER_APPICON_NAME = AppIcon;
				ASSETCATALOG_COMPILER_GLOBAL_ACCENT_COLOR_NAME = AccentColor;
				CODE_SIGN_STYLE = Automatic;
				DEVELOPMENT_TEAM = 76VCBNQAZS;
				INFOPLIST_FILE = test/Info.plist;
				LD_RUNPATH_SEARCH_PATHS = (
					"$(inherited)",
					"@executable_path/Frameworks",
				);
				PRODUCT_BUNDLE_IDENTIFIER = com.kerrylu.test;
				PRODUCT_NAME = "$(TARGET_NAME)";
				SWIFT_VERSION = 5.0;
				TARGETED_DEVICE_FAMILY = "1,2";
			};
			name = Release;
		};
		D49043F3258C59940077F596 /* Debug */ = {
			isa = XCBuildConfiguration;
			buildSettings = {
				ALWAYS_EMBED_SWIFT_STANDARD_LIBRARIES = YES;
				BUNDLE_LOADER = "$(TEST_HOST)";
				CODE_SIGN_STYLE = Automatic;
				DEVELOPMENT_TEAM = 76VCBNQAZS;
				INFOPLIST_FILE = testTests/Info.plist;
				IPHONEOS_DEPLOYMENT_TARGET = 14.3;
				LD_RUNPATH_SEARCH_PATHS = (
					"$(inherited)",
					"@executable_path/Frameworks",
					"@loader_path/Frameworks",
				);
				PRODUCT_BUNDLE_IDENTIFIER = com.kerrylu.testTests;
				PRODUCT_NAME = "$(TARGET_NAME)";
				SWIFT_VERSION = 5.0;
				TARGETED_DEVICE_FAMILY = "1,2";
				TEST_HOST = "$(BUILT_PRODUCTS_DIR)/test.app/test";
			};
			name = Debug;
		};
		D49043F4258C59940077F596 /* Release */ = {
			isa = XCBuildConfiguration;
			buildSettings = {
				ALWAYS_EMBED_SWIFT_STANDARD_LIBRARIES = YES;
				BUNDLE_LOADER = "$(TEST_HOST)";
				CODE_SIGN_STYLE = Automatic;
				DEVELOPMENT_TEAM = 76VCBNQAZS;
				INFOPLIST_FILE = testTests/Info.plist;
				IPHONEOS_DEPLOYMENT_TARGET = 14.3;
				LD_RUNPATH_SEARCH_PATHS = (
					"$(inherited)",
					"@executable_path/Frameworks",
					"@loader_path/Frameworks",
				);
				PRODUCT_BUNDLE_IDENTIFIER = com.kerrylu.testTests;
				PRODUCT_NAME = "$(TARGET_NAME)";
				SWIFT_VERSION = 5.0;
				TARGETED_DEVICE_FAMILY = "1,2";
				TEST_HOST = "$(BUILT_PRODUCTS_DIR)/test.app/test";
			};
			name = Release;
		};
		D49043F6258C59940077F596 /* Debug */ = {
			isa = XCBuildConfiguration;
			buildSettings = {
				ALWAYS_EMBED_SWIFT_STANDARD_LIBRARIES = YES;
				CODE_SIGN_STYLE = Automatic;
				DEVELOPMENT_TEAM = 76VCBNQAZS;
				INFOPLIST_FILE = testUITests/Info.plist;
				LD_RUNPATH_SEARCH_PATHS = (
					"$(inherited)",
					"@executable_path/Frameworks",
					"@loader_path/Frameworks",
				);
				PRODUCT_BUNDLE_IDENTIFIER = com.kerrylu.testUITests;
				PRODUCT_NAME = "$(TARGET_NAME)";
				SWIFT_VERSION = 5.0;
				TARGETED_DEVICE_FAMILY = "1,2";
				TEST_TARGET_NAME = test;
			};
			name = Debug;
		};
		D49043F7258C59940077F596 /* Release */ = {
			isa = XCBuildConfiguration;
			buildSettings = {
				ALWAYS_EMBED_SWIFT_STANDARD_LIBRARIES = YES;
				CODE_SIGN_STYLE = Automatic;
				DEVELOPMENT_TEAM = 76VCBNQAZS;
				INFOPLIST_FILE = testUITests/Info.plist;
				LD_RUNPATH_SEARCH_PATHS = (
					"$(inherited)",
					"@executable_path/Frameworks",
					"@loader_path/Frameworks",
				);
				PRODUCT_BUNDLE_IDENTIFIER = com.kerrylu.testUITests;
				PRODUCT_NAME = "$(TARGET_NAME)";
				SWIFT_VERSION = 5.0;
				TARGETED_DEVICE_FAMILY = "1,2";
				TEST_TARGET_NAME = test;
			};
			name = Release;
		};
/* End XCBuildConfiguration section */

/* Begin XCConfigurationList section */
		D49043C0258C598C0077F596 /* Build configuration list for PBXProject "test" */ = {
			isa = XCConfigurationList;
			buildConfigurations = (
				D49043ED258C59940077F596 /* Debug */,
				D49043EE258C59940077F596 /* Release */,
			);
			defaultConfigurationIsVisible = 0;
			defaultConfigurationName = Release;
		};
		D49043EF258C59940077F596 /* Build configuration list for PBXNativeTarget "test" */ = {
			isa = XCConfigurationList;
			buildConfigurations = (
				D49043F0258C59940077F596 /* Debug */,
				D49043F1258C59940077F596 /* Release */,
			);
			defaultConfigurationIsVisible = 0;
			defaultConfigurationName = Release;
		};
		D49043F2258C59940077F596 /* Build configuration list for PBXNativeTarget "testTests" */ = {
			isa = XCConfigurationList;
			buildConfigurations = (
				D49043F3258C59940077F596 /* Debug */,
				D49043F4258C59940077F596 /* Release */,
			);
			defaultConfigurationIsVisible = 0;
			defaultConfigurationName = Release;
		};
		D49043F5258C59940077F596 /* Build configuration list for PBXNativeTarget "testUITests" */ = {
			isa = XCConfigurationList;
			buildConfigurations = (
				D49043F6258C59940077F596 /* Debug */,
				D49043F7258C59940077F596 /* Release */,
			);
			defaultConfigurationIsVisible = 0;
			defaultConfigurationName = Release;
		};
/* End XCConfigurationList section */
	};
	rootObject = D49043BD258C598C0077F596 /* Project object */;
}
